
Microsoft Visual Studio Solution File, Format Version 12.00
# Visual Studio Version 16
VisualStudioVersion = 16.0.30804.86
MinimumVisualStudioVersion = 10.0.40219.1
Project("{FAE04EC0-301F-11D3-BF4B-00C04F79EFBC}") = "AnalizadorLexico", "Proyecto1_calc\AnalizadorLexico.csproj", "{AE154A94-0305-48FE-80D9-E4CEBB01BF1A}"
EndProject
Global
	GlobalSection(SolutionConfigurationPlatforms) = preSolution
		Debug|Any CPU = Debug|Any CPU
		Release|Any CPU = Release|Any CPU
	EndGlobalSection
	GlobalSection(ProjectConfigurationPlatforms) = postSolution
		{AE154A94-0305-48FE-80D9-E4CEBB01BF1A}.Debug|Any CPU.ActiveCfg = Debug|Any CPU
		{AE154A94-0305-48FE-80D9-E4CEBB01BF1A}.Debug|Any CPU.Build.0 = Debug|Any CPU
		{AE154A94-0305-48FE-80D9-E4CEBB01BF1A}.Release|Any CPU.ActiveCfg = Release|Any CPU
		{AE154A94-0305-48FE-80D9-E4CEBB01BF1A}.Release|Any CPU.Build.0 = Release|Any CPU
	EndGlobalSection
	GlobalSection(SolutionProperties) = preSolution
		HideSolutionNode = FALSE
	EndGlobalSection
	GlobalSection(ExtensibilityGlobals) = postSolution
		SolutionGuid = {9588C5F4-0698-4D0D-A940-D935A69899C7}
	EndGlobalSection
EndGlobal
